#MicroXplorer Configuration settings - do not modify
Appli.IPs=GPDMA1\:I,HPDMA1\:I,LINKEDLIST\:I,GPIO,NVIC2\:I,CRC,LTDC,DMA2D,FREERTOS\:I,SYS\:I,STMicroelectronics.X-CUBE-TOUCHGFX.4.24.0_App\:I,I2C1,JPEG,RCC,FLASH,GPU2D,ICACHE_GPU2D\:I,CORTEX_M7_APPLI\:I
Appli.Pins=PF3,PF2,PF4,PF1,PE15,PE3,PG15
Boot.IPs=GPDMA1,HPDMA1,LINKEDLIST,RCC\:I,GPIO,NVIC1\:I,EXTMEM_MANAGER\:I,XSPI1,XSPI2,FLASH,SBS,CORTEX_M7_BOOT\:I
CAD.formats=
CAD.pinconfig=
CAD.provider=
CORTEX_M7_APPLI.AccessPermission-Cortex_Memory_Protection_Unit_Region0_Settings=MPU_REGION_FULL_ACCESS
CORTEX_M7_APPLI.AccessPermission-Cortex_Memory_Protection_Unit_Region1_Settings=MPU_REGION_FULL_ACCESS
CORTEX_M7_APPLI.AccessPermission-Cortex_Memory_Protection_Unit_Region2_Settings=MPU_REGION_FULL_ACCESS
CORTEX_M7_APPLI.AccessPermission-Cortex_Memory_Protection_Unit_Region3_Settings=MPU_REGION_FULL_ACCESS
CORTEX_M7_APPLI.AccessPermission-Cortex_Memory_Protection_Unit_Region4_Settings=MPU_REGION_FULL_ACCESS
CORTEX_M7_APPLI.AccessPermission-Cortex_Memory_Protection_Unit_Region5_Settings=MPU_REGION_FULL_ACCESS
CORTEX_M7_APPLI.AccessPermission-Cortex_Memory_Protection_Unit_Region6_Settings=MPU_REGION_FULL_ACCESS
CORTEX_M7_APPLI.BaseAddress-Cortex_Memory_Protection_Unit_Region1_Settings=0x70000000
CORTEX_M7_APPLI.BaseAddress-Cortex_Memory_Protection_Unit_Region2_Settings=0x70000000
CORTEX_M7_APPLI.BaseAddress-Cortex_Memory_Protection_Unit_Region3_Settings=0x90000000
CORTEX_M7_APPLI.BaseAddress-Cortex_Memory_Protection_Unit_Region4_Settings=0x20000000
CORTEX_M7_APPLI.BaseAddress-Cortex_Memory_Protection_Unit_Region5_Settings=0x24000000
CORTEX_M7_APPLI.BaseAddress-Cortex_Memory_Protection_Unit_Region6_Settings=0x2406e000
CORTEX_M7_APPLI.CPU_DCache=Enabled
CORTEX_M7_APPLI.CPU_ICache=Enabled
CORTEX_M7_APPLI.DisableExec-Cortex_Memory_Protection_Unit_Region0_Settings=MPU_INSTRUCTION_ACCESS_DISABLE
CORTEX_M7_APPLI.DisableExec-Cortex_Memory_Protection_Unit_Region1_Settings=MPU_INSTRUCTION_ACCESS_DISABLE
CORTEX_M7_APPLI.DisableExec-Cortex_Memory_Protection_Unit_Region3_Settings=MPU_INSTRUCTION_ACCESS_DISABLE
CORTEX_M7_APPLI.DisableExec-Cortex_Memory_Protection_Unit_Region4_Settings=MPU_INSTRUCTION_ACCESS_DISABLE
CORTEX_M7_APPLI.DisableExec-Cortex_Memory_Protection_Unit_Region5_Settings=MPU_INSTRUCTION_ACCESS_DISABLE
CORTEX_M7_APPLI.DisableExec-Cortex_Memory_Protection_Unit_Region6_Settings=MPU_INSTRUCTION_ACCESS_DISABLE
CORTEX_M7_APPLI.Enable-Cortex_Memory_Protection_Unit_Region0_Settings=MPU_REGION_ENABLE
CORTEX_M7_APPLI.Enable-Cortex_Memory_Protection_Unit_Region1_Settings=MPU_REGION_ENABLE
CORTEX_M7_APPLI.Enable-Cortex_Memory_Protection_Unit_Region2_Settings=MPU_REGION_ENABLE
CORTEX_M7_APPLI.Enable-Cortex_Memory_Protection_Unit_Region3_Settings=MPU_REGION_ENABLE
CORTEX_M7_APPLI.Enable-Cortex_Memory_Protection_Unit_Region4_Settings=MPU_REGION_ENABLE
CORTEX_M7_APPLI.Enable-Cortex_Memory_Protection_Unit_Region5_Settings=MPU_REGION_ENABLE
CORTEX_M7_APPLI.Enable-Cortex_Memory_Protection_Unit_Region6_Settings=MPU_REGION_ENABLE
CORTEX_M7_APPLI.Enable-Cortex_Memory_Protection_Unit_Region7_Settings=__NULL
CORTEX_M7_APPLI.Enable-Cortex_Memory_Protection_Unit_Region8_Settings=__NULL
CORTEX_M7_APPLI.IPParameters=CPU_ICache,CPU_DCache,MPU_Control,Enable-Cortex_Memory_Protection_Unit_Region0_Settings,Size-Cortex_Memory_Protection_Unit_Region0_Settings,SubRegionDisable-Cortex_Memory_Protection_Unit_Region0_Settings,AccessPermission-Cortex_Memory_Protection_Unit_Region0_Settings,IsShareable-Cortex_Memory_Protection_Unit_Region0_Settings,Enable-Cortex_Memory_Protection_Unit_Region1_Settings,BaseAddress-Cortex_Memory_Protection_Unit_Region1_Settings,Size-Cortex_Memory_Protection_Unit_Region1_Settings,TypeExtField-Cortex_Memory_Protection_Unit_Region1_Settings,AccessPermission-Cortex_Memory_Protection_Unit_Region1_Settings,DisableExec-Cortex_Memory_Protection_Unit_Region1_Settings,IsCacheable-Cortex_Memory_Protection_Unit_Region1_Settings,IsBufferable-Cortex_Memory_Protection_Unit_Region1_Settings,Enable-Cortex_Memory_Protection_Unit_Region2_Settings,BaseAddress-Cortex_Memory_Protection_Unit_Region2_Settings,Size-Cortex_Memory_Protection_Unit_Region2_Settings,TypeExtField-Cortex_Memory_Protection_Unit_Region2_Settings,AccessPermission-Cortex_Memory_Protection_Unit_Region2_Settings,IsCacheable-Cortex_Memory_Protection_Unit_Region2_Settings,IsBufferable-Cortex_Memory_Protection_Unit_Region2_Settings,Enable-Cortex_Memory_Protection_Unit_Region3_Settings,BaseAddress-Cortex_Memory_Protection_Unit_Region3_Settings,Size-Cortex_Memory_Protection_Unit_Region3_Settings,TypeExtField-Cortex_Memory_Protection_Unit_Region3_Settings,AccessPermission-Cortex_Memory_Protection_Unit_Region3_Settings,DisableExec-Cortex_Memory_Protection_Unit_Region3_Settings,Enable-Cortex_Memory_Protection_Unit_Region4_Settings,BaseAddress-Cortex_Memory_Protection_Unit_Region4_Settings,Size-Cortex_Memory_Protection_Unit_Region4_Settings,TypeExtField-Cortex_Memory_Protection_Unit_Region4_Settings,AccessPermission-Cortex_Memory_Protection_Unit_Region4_Settings,Enable-Cortex_Memory_Protection_Unit_Region5_Settings,BaseAddress-Cortex_Memory_Protection_Unit_Region5_Settings,Size-Cortex_Memory_Protection_Unit_Region5_Settings,TypeExtField-Cortex_Memory_Protection_Unit_Region5_Settings,AccessPermission-Cortex_Memory_Protection_Unit_Region5_Settings,IsShareable-Cortex_Memory_Protection_Unit_Region5_Settings,IsCacheable-Cortex_Memory_Protection_Unit_Region5_Settings,IsBufferable-Cortex_Memory_Protection_Unit_Region5_Settings,Enable-Cortex_Memory_Protection_Unit_Region7_Settings,Enable-Cortex_Memory_Protection_Unit_Region8_Settings,Enable-Cortex_Memory_Protection_Unit_Region6_Settings,BaseAddress-Cortex_Memory_Protection_Unit_Region6_Settings,Size-Cortex_Memory_Protection_Unit_Region6_Settings,AccessPermission-Cortex_Memory_Protection_Unit_Region6_Settings,IsShareable-Cortex_Memory_Protection_Unit_Region6_Settings,IsBufferable-Cortex_Memory_Protection_Unit_Region6_Settings,DisableExec-Cortex_Memory_Protection_Unit_Region0_Settings,DisableExec-Cortex_Memory_Protection_Unit_Region4_Settings,DisableExec-Cortex_Memory_Protection_Unit_Region5_Settings,DisableExec-Cortex_Memory_Protection_Unit_Region6_Settings
CORTEX_M7_APPLI.IsBufferable-Cortex_Memory_Protection_Unit_Region1_Settings=MPU_ACCESS_BUFFERABLE
CORTEX_M7_APPLI.IsBufferable-Cortex_Memory_Protection_Unit_Region2_Settings=MPU_ACCESS_BUFFERABLE
CORTEX_M7_APPLI.IsBufferable-Cortex_Memory_Protection_Unit_Region5_Settings=MPU_ACCESS_BUFFERABLE
CORTEX_M7_APPLI.IsBufferable-Cortex_Memory_Protection_Unit_Region6_Settings=MPU_ACCESS_BUFFERABLE
CORTEX_M7_APPLI.IsCacheable-Cortex_Memory_Protection_Unit_Region1_Settings=MPU_ACCESS_CACHEABLE
CORTEX_M7_APPLI.IsCacheable-Cortex_Memory_Protection_Unit_Region2_Settings=MPU_ACCESS_CACHEABLE
CORTEX_M7_APPLI.IsCacheable-Cortex_Memory_Protection_Unit_Region5_Settings=MPU_ACCESS_CACHEABLE
CORTEX_M7_APPLI.IsShareable-Cortex_Memory_Protection_Unit_Region0_Settings=MPU_ACCESS_SHAREABLE
CORTEX_M7_APPLI.IsShareable-Cortex_Memory_Protection_Unit_Region5_Settings=MPU_ACCESS_SHAREABLE
CORTEX_M7_APPLI.IsShareable-Cortex_Memory_Protection_Unit_Region6_Settings=MPU_ACCESS_SHAREABLE
CORTEX_M7_APPLI.MPU_Control=MPU_PRIVILEGED_DEFAULT
CORTEX_M7_APPLI.Size-Cortex_Memory_Protection_Unit_Region0_Settings=MPU_REGION_SIZE_4GB
CORTEX_M7_APPLI.Size-Cortex_Memory_Protection_Unit_Region1_Settings=MPU_REGION_SIZE_128MB
CORTEX_M7_APPLI.Size-Cortex_Memory_Protection_Unit_Region2_Settings=MPU_REGION_SIZE_2MB
CORTEX_M7_APPLI.Size-Cortex_Memory_Protection_Unit_Region3_Settings=MPU_REGION_SIZE_32MB
CORTEX_M7_APPLI.Size-Cortex_Memory_Protection_Unit_Region4_Settings=MPU_REGION_SIZE_64KB
CORTEX_M7_APPLI.Size-Cortex_Memory_Protection_Unit_Region5_Settings=MPU_REGION_SIZE_512KB
CORTEX_M7_APPLI.Size-Cortex_Memory_Protection_Unit_Region6_Settings=MPU_REGION_SIZE_16KB
CORTEX_M7_APPLI.SubRegionDisable-Cortex_Memory_Protection_Unit_Region0_Settings=0xA7
CORTEX_M7_APPLI.TypeExtField-Cortex_Memory_Protection_Unit_Region1_Settings=MPU_TEX_LEVEL1
CORTEX_M7_APPLI.TypeExtField-Cortex_Memory_Protection_Unit_Region2_Settings=MPU_TEX_LEVEL1
CORTEX_M7_APPLI.TypeExtField-Cortex_Memory_Protection_Unit_Region3_Settings=MPU_TEX_LEVEL1
CORTEX_M7_APPLI.TypeExtField-Cortex_Memory_Protection_Unit_Region4_Settings=MPU_TEX_LEVEL1
CORTEX_M7_APPLI.TypeExtField-Cortex_Memory_Protection_Unit_Region5_Settings=MPU_TEX_LEVEL1
CORTEX_M7_BOOT.CPU_DCache=Enabled
CORTEX_M7_BOOT.CPU_ICache=Enabled
CORTEX_M7_BOOT.IPParameters=CPU_ICache,CPU_DCache
DMA2D.ColorMode=DMA2D_OUTPUT_RGB888
DMA2D.IPParameters=Mode,ColorMode
DMA2D.Mode=DMA2D_R2M
EXTMEM_MANAGER.IPParameters=RefParam_MEMORY_1_ConfigType,RefParam_EXTMEM_SAL_XSPI,RefParam_EXTMEM_SFDP,RefParam_EXTMEM_PSRAM,RefParam_MEMORY_1_Instance,RefParam_MEMORY_1_Driver_Selection,RefParam_BOOT_enable,RefParam_EXTMEM_Number_of_Memory,RefParam_MEMORY_2_Driver_Selection,RefParam_MEMORY_2_ConfigType,RefParam_MEMORY_2_NumberOfConfig,RefParam_XIP_memory,RefParam_EXTMEM_USER,RefParam_BOOT_selection,RefParam_LRUN_DEST_memory
EXTMEM_MANAGER.RefParam_BOOT_enable=true
EXTMEM_MANAGER.RefParam_BOOT_selection=XIP
EXTMEM_MANAGER.RefParam_EXTMEM_Number_of_Memory=2
EXTMEM_MANAGER.RefParam_EXTMEM_PSRAM=true
EXTMEM_MANAGER.RefParam_EXTMEM_SAL_XSPI=true
EXTMEM_MANAGER.RefParam_EXTMEM_SFDP=true
EXTMEM_MANAGER.RefParam_EXTMEM_USER=false
EXTMEM_MANAGER.RefParam_LRUN_DEST_memory=EXTMEM1
EXTMEM_MANAGER.RefParam_MEMORY_1_ConfigType=EXTMEM_LINK_CONFIG_8LINES
EXTMEM_MANAGER.RefParam_MEMORY_1_Driver_Selection=EXTMEM_NOR_SFDP
EXTMEM_MANAGER.RefParam_MEMORY_1_Instance=XSPI2
EXTMEM_MANAGER.RefParam_MEMORY_2_ConfigType=EXTMEM_LINK_CONFIG_16LINES
EXTMEM_MANAGER.RefParam_MEMORY_2_Driver_Selection=EXTMEM_PSRAM
EXTMEM_MANAGER.RefParam_MEMORY_2_NumberOfConfig=1
EXTMEM_MANAGER.RefParam_XIP_memory=EXTMEM1
ExtMemLoader.IPs=EXTMEM_LOADER\:I,EXTMEM_MANAGER,GPIO
FLASH.IPParameters=OB_User_Configuration1_active,OB_IWDG1_SW,OB_XSPI1_HSLV,OB_XSPI2_HSLV,OB_User_Configuration2_active,OB_IWDG1_SW_UI,OB_XSPI1_HSLV_UI,OB_XSPI2_HSLV_UI
FLASH.OB_IWDG1_SW=OB_IWDG_SW
FLASH.OB_IWDG1_SW_UI=OB_IWDG_SW
FLASH.OB_User_Configuration1_active=true
FLASH.OB_User_Configuration2_active=true
FLASH.OB_XSPI1_HSLV=OB_XSPI1_HSLV_ENABLE
FLASH.OB_XSPI1_HSLV_UI=OB_XSPI1_HSLV_ENABLE
FLASH.OB_XSPI2_HSLV=OB_XSPI2_HSLV_ENABLE
FLASH.OB_XSPI2_HSLV_UI=OB_XSPI2_HSLV_ENABLE
FREERTOS.FootprintOK=true
FREERTOS.IPParameters=Tasks01,configTOTAL_HEAP_SIZE,FootprintOK,configUSE_APPLICATION_TASK_TAG,configUSE_IDLE_HOOK
FREERTOS.Tasks01=defaultTask,24,128,StartDefaultTask,Default,NULL,Dynamic,NULL,NULL;TouchGFXTask,24,4096,TouchGFX_Task,As external,NULL,Dynamic,NULL,NULL
FREERTOS.configTOTAL_HEAP_SIZE=50000
FREERTOS.configUSE_APPLICATION_TASK_TAG=1
FREERTOS.configUSE_IDLE_HOOK=1
File.Version=6
GPIO.groupedBy=Group By Peripherals
HPDMA1.DATAALIGNEMENT_HPDMACH0=DMA_DATA_PACK
HPDMA1.DATAHANDLING_HPDMACH0=ENABLE
HPDMA1.DESTBURSTLENGTH_HPDMACH0=8
HPDMA1.DESTBURSTLENGTH_HPDMACH1=8
HPDMA1.DESTDATAWIDTH_HPDMACH0=DMA_DEST_DATAWIDTH_WORD
HPDMA1.DESTDATAWIDTH_HPDMACH1=DMA_DEST_DATAWIDTH_WORD
HPDMA1.DESTINC_HPDMACH1=DMA_DINC_INCREMENTED
HPDMA1.DIRECTION_HPDMACH0=DMA_MEMORY_TO_PERIPH
HPDMA1.IPHANDLE_HPDMACH0-SIMPLEREQUEST_HPDMACH0=__NULL
HPDMA1.IPHANDLE_HPDMACH1-SIMPLEREQUEST_HPDMACH1=__NULL
HPDMA1.IPParameters=IPHANDLE_HPDMACH0-SIMPLEREQUEST_HPDMACH0,REQUEST_HPDMACH0,PRIORITY_HPDMACH0,DIRECTION_HPDMACH0,SRCINC_HPDMACH0,SRCBURSTLENGTH_HPDMACH0,TRANSFERALLOCATEDPORTSRC_HPDMACH0,DESTDATAWIDTH_HPDMACH0,DESTBURSTLENGTH_HPDMACH0,DATAHANDLING_HPDMACH0,DATAALIGNEMENT_HPDMACH0,IPHANDLE_HPDMACH1-SIMPLEREQUEST_HPDMACH1,REQUEST_HPDMACH1,PRIORITY_HPDMACH1,SRCDATAWIDTH_HPDMACH1,SRCBURSTLENGTH_HPDMACH1,DESTINC_HPDMACH1,DESTDATAWIDTH_HPDMACH1,DESTBURSTLENGTH_HPDMACH1,TRANSFERALLOCATEDPORTDEST_HPDMACH1,TRANSFERALLOCATEDPORTSRC_HPDMACH1,TRANSFERALLOCATEDPORTDEST_HPDMACH0
HPDMA1.PRIORITY_HPDMACH0=DMA_HIGH_PRIORITY
HPDMA1.PRIORITY_HPDMACH1=DMA_HIGH_PRIORITY
HPDMA1.REQUEST_HPDMACH0=HPDMA1_REQUEST_JPEG_RX
HPDMA1.REQUEST_HPDMACH1=HPDMA1_REQUEST_JPEG_TX
HPDMA1.SRCBURSTLENGTH_HPDMACH0=8
HPDMA1.SRCBURSTLENGTH_HPDMACH1=8
HPDMA1.SRCDATAWIDTH_HPDMACH1=DMA_SRC_DATAWIDTH_WORD
HPDMA1.SRCINC_HPDMACH0=DMA_SINC_INCREMENTED
HPDMA1.TRANSFERALLOCATEDPORTDEST_HPDMACH0=DMA_DEST_ALLOCATED_PORT1
HPDMA1.TRANSFERALLOCATEDPORTDEST_HPDMACH1=DMA_DEST_ALLOCATED_PORT0
HPDMA1.TRANSFERALLOCATEDPORTSRC_HPDMACH0=DMA_SRC_ALLOCATED_PORT0
HPDMA1.TRANSFERALLOCATEDPORTSRC_HPDMACH1=DMA_SRC_ALLOCATED_PORT1
I2C1.I2C_Fall_Time=0
I2C1.I2C_Rise_Time=0
I2C1.I2C_Speed_Mode=I2C_Fast
I2C1.IPParameters=Timing,I2C_Speed_Mode,I2C_Rise_Time,I2C_Fall_Time
I2C1.Timing=0x00E063FF
JPEG.IPParameters=JPEG_RGB_FORMAT,USE_JPEG_ENCODER
JPEG.JPEG_RGB_FORMAT=JPEG_ARGB8888
JPEG.USE_JPEG_ENCODER=0
KeepUserPlacement=false
LTDC.ActiveW=800
LTDC.Alpha_L0=255
LTDC.HBP=8
LTDC.HFP=8
LTDC.HSync=5
LTDC.IPParameters=Layers,WindowX1_L0,WindowY1_L0,PixelFormat_L0,Alpha_L0,ImageWidth_L0,ImageHeight_L0,ActiveW,HSync,HBP,HFP,VSync,VBP,VFP
LTDC.ImageHeight_L0=480
LTDC.ImageWidth_L0=800
LTDC.Layers=0
LTDC.PixelFormat_L0=LTDC_PIXEL_FORMAT_RGB565
LTDC.VBP=8
LTDC.VFP=14
LTDC.VSync=5
LTDC.WindowX1_L0=800
LTDC.WindowY1_L0=480
Mcu.CPN=STM32H7S7L8H6H
Mcu.Context0=Boot
Mcu.Context1=Appli
Mcu.Context2=ExtMemLoader
Mcu.ContextNb=3
Mcu.Family=STM32H7
Mcu.IP0=CORTEX_M7_APPLI
Mcu.IP1=CORTEX_M7_BOOT
Mcu.IP10=ICACHE_GPU2D
Mcu.IP11=JPEG
Mcu.IP12=LTDC
Mcu.IP13=NVIC2
Mcu.IP14=NVIC1
Mcu.IP15=RCC
Mcu.IP16=SBS
Mcu.IP17=SYS
Mcu.IP18=XSPI1
Mcu.IP19=XSPI2
Mcu.IP2=CRC
Mcu.IP3=DMA2D
Mcu.IP4=EXTMEM_MANAGER
Mcu.IP5=FLASH
Mcu.IP6=FREERTOS
Mcu.IP7=GPU2D
Mcu.IP8=HPDMA1
Mcu.IP9=I2C1
Mcu.IPNb=20
Mcu.Name=STM32H7S7L8HxH
Mcu.Package=TFBGA225 HEXA SMPS
Mcu.Pin0=PF3
Mcu.Pin1=PF2
Mcu.Pin10=PA12
Mcu.Pin11=PA11
Mcu.Pin12=PB4(NJTRST)
Mcu.Pin13=PE15
Mcu.Pin14=PA9
Mcu.Pin15=PB6
Mcu.Pin16=PG1
Mcu.Pin17=PA10
Mcu.Pin18=PG14
Mcu.Pin19=PE3
Mcu.Pin2=PF4
Mcu.Pin20=PA8
Mcu.Pin21=PN1
Mcu.Pin22=PG15
Mcu.Pin23=PG13
Mcu.Pin24=PA15(JTDI)
Mcu.Pin25=PN3
Mcu.Pin26=PN0
Mcu.Pin27=PN11
Mcu.Pin28=PF7
Mcu.Pin29=PN10
Mcu.Pin3=PF0
Mcu.Pin30=PN9
Mcu.Pin31=PN2
Mcu.Pin32=PF9
Mcu.Pin33=PF10
Mcu.Pin34=PN6
Mcu.Pin35=PH0-OSC_IN(PH0)
Mcu.Pin36=PH1-OSC_OUT(PH1)
Mcu.Pin37=PN8
Mcu.Pin38=PN4
Mcu.Pin39=PN5
Mcu.Pin4=PG0
Mcu.Pin40=PB12
Mcu.Pin41=PA0
Mcu.Pin42=PA1
Mcu.Pin43=PF11
Mcu.Pin44=PO3
Mcu.Pin45=PP10
Mcu.Pin46=PB14
Mcu.Pin47=PB15
Mcu.Pin48=PF15
Mcu.Pin49=PP12
Mcu.Pin5=PB9
Mcu.Pin50=PP14
Mcu.Pin51=PP2
Mcu.Pin52=PP5
Mcu.Pin53=PO2
Mcu.Pin54=PP1
Mcu.Pin55=PB11
Mcu.Pin56=PB13
Mcu.Pin57=PA6
Mcu.Pin58=PP11
Mcu.Pin59=PP15
Mcu.Pin6=PB3(JTDO/TRACESWO)
Mcu.Pin60=PP3
Mcu.Pin61=PP0
Mcu.Pin62=PP7
Mcu.Pin63=PP8
Mcu.Pin64=PP13
Mcu.Pin65=PP4
Mcu.Pin66=PO4
Mcu.Pin67=PP6
Mcu.Pin68=PO0
Mcu.Pin69=PP9
Mcu.Pin7=PF1
Mcu.Pin70=VP_CRC_VS_CRC
Mcu.Pin71=VP_DMA2D_VS_DMA2D
Mcu.Pin72=VP_EXTMEM_MANAGER_SIG_Activate_EXTMEM
Mcu.Pin73=VP_FLASH_SIG_Activate_FlashIP
Mcu.Pin74=VP_FREERTOS_VS_CMSIS_V2
Mcu.Pin75=VP_GPU2D_VS_GPU2D
Mcu.Pin76=VP_HPDMA1_VS_HPDMACH0
Mcu.Pin77=VP_HPDMA1_VS_HPDMACH1
Mcu.Pin78=VP_ICACHE_GPU2D_VS_ICACHE
Mcu.Pin79=VP_JPEG_VS_JPEG
Mcu.Pin8=PG2
Mcu.Pin80=VP_SBS_VS-SBS
Mcu.Pin81=VP_SYS_VS_tim6
Mcu.Pin82=VP_XSPI1_VS_hexa
Mcu.Pin83=VP_XSPI2_VS_octo
Mcu.Pin84=VP_STMicroelectronics.X-CUBE-TOUCHGFX_App_VS_GraphicsJjApplication_4.24.0
Mcu.Pin9=PE11
Mcu.PinsNb=85
Mcu.ThirdParty0=STMicroelectronics.X-CUBE-TOUCHGFX.4.24.0
Mcu.ThirdParty0_ContextShortName=App
Mcu.ThirdParty0_Instance=STMicroelectronics.X-CUBE-TOUCHGFX.4.24.0_App
Mcu.ThirdPartyNb=1
Mcu.UserConstants=
Mcu.UserName=STM32H7S7L8HxH
MxCube.Version=6.11.0
MxDb.Version=DB.6.0.110
NVIC1.BusFault_IRQn=true\:0\:0\:false\:false\:true\:false\:false\:false
NVIC1.DebugMonitor_IRQn=true\:0\:0\:false\:false\:true\:false\:false\:false
NVIC1.ForceEnableDMAVector=true
NVIC1.HardFault_IRQn=true\:0\:0\:false\:false\:true\:false\:false\:false
NVIC1.MemoryManagement_IRQn=true\:0\:0\:false\:false\:true\:false\:false\:false
NVIC1.NonMaskableInt_IRQn=true\:0\:0\:false\:false\:true\:false\:false\:false
NVIC1.PendSV_IRQn=true\:0\:0\:false\:false\:true\:false\:false\:false
NVIC1.PriorityGroup=NVIC_PRIORITYGROUP_4
NVIC1.SVCall_IRQn=true\:0\:0\:false\:false\:true\:false\:false\:false
NVIC1.SysTick_IRQn=true\:15\:0\:false\:false\:true\:false\:true\:false
NVIC1.UsageFault_IRQn=true\:0\:0\:false\:false\:true\:false\:false\:false
NVIC2.BusFault_IRQn=true\:0\:0\:false\:false\:true\:false\:false\:false\:false
NVIC2.DMA2D_IRQn=true\:5\:0\:false\:false\:true\:true\:true\:true\:false
NVIC2.DebugMonitor_IRQn=true\:0\:0\:false\:false\:true\:false\:false\:false\:false
NVIC2.EXTI3_IRQn=true\:5\:0\:true\:false\:true\:true\:true\:true\:true
NVIC2.ForceEnableDMAVector=true
NVIC2.GPU2D_ER_IRQn=true\:5\:0\:false\:false\:true\:true\:false\:true\:true
NVIC2.GPU2D_IRQn=true\:5\:0\:false\:false\:true\:true\:false\:true\:true
NVIC2.HPDMA1_Channel0_IRQn=true\:5\:0\:false\:false\:true\:true\:false\:true\:true
NVIC2.HPDMA1_Channel1_IRQn=true\:5\:0\:false\:false\:true\:true\:false\:true\:true
NVIC2.HardFault_IRQn=true\:0\:0\:false\:false\:true\:false\:false\:false\:false
NVIC2.JPEG_IRQn=true\:8\:0\:true\:false\:true\:true\:true\:true\:true
NVIC2.LTDC_IRQn=true\:5\:0\:false\:false\:true\:true\:true\:true\:false
NVIC2.MemoryManagement_IRQn=true\:0\:0\:false\:false\:true\:false\:false\:false\:false
NVIC2.NonMaskableInt_IRQn=true\:0\:0\:false\:false\:true\:false\:false\:false\:false
NVIC2.PendSV_IRQn=true\:15\:0\:false\:false\:false\:true\:false\:false\:false
NVIC2.PriorityGroup=NVIC_PRIORITYGROUP_4
NVIC2.SVCall_IRQn=true\:0\:0\:false\:false\:false\:false\:false\:false\:false
NVIC2.SavedPendsvIrqHandlerGenerated=true
NVIC2.SavedSvcallIrqHandlerGenerated=true
NVIC2.SavedSystickIrqHandlerGenerated=true
NVIC2.SysTick_IRQn=true\:15\:0\:false\:false\:false\:true\:false\:true\:false
NVIC2.TIM6_IRQn=true\:15\:0\:false\:false\:true\:false\:false\:true\:true
NVIC2.TimeBase=TIM6_IRQn
NVIC2.TimeBaseIP=TIM6
NVIC2.UsageFault_IRQn=true\:0\:0\:false\:false\:true\:false\:false\:false\:false
PA0.GPIOParameters=PinAttribute
PA0.Mode=RGB888
PA0.PinAttribute=Appli
PA0.Signal=LTDC_G3
PA1.GPIOParameters=PinAttribute
PA1.Mode=RGB888
PA1.PinAttribute=Appli
PA1.Signal=LTDC_G2
PA10.GPIOParameters=PinAttribute
PA10.Mode=RGB888
PA10.PinAttribute=Appli
PA10.Signal=LTDC_B4
PA11.GPIOParameters=PinAttribute
PA11.Mode=RGB888
PA11.PinAttribute=Appli
PA11.Signal=LTDC_B3
PA12.GPIOParameters=PinAttribute
PA12.Mode=RGB888
PA12.PinAttribute=Appli
PA12.Signal=LTDC_B2
PA15(JTDI).GPIOParameters=PinAttribute
PA15(JTDI).Mode=RGB888
PA15(JTDI).PinAttribute=Appli
PA15(JTDI).Signal=LTDC_R5
PA6.GPIOParameters=PinAttribute
PA6.Locked=true
PA6.Mode=RGB888
PA6.PinAttribute=Appli
PA6.Signal=LTDC_B7
PA8.GPIOParameters=PinAttribute
PA8.Mode=RGB888
PA8.PinAttribute=Appli
PA8.Signal=LTDC_B6
PA9.GPIOParameters=PinAttribute
PA9.Mode=RGB888
PA9.PinAttribute=Appli
PA9.Signal=LTDC_B5
PB11.GPIOParameters=PinAttribute
PB11.Mode=RGB888
PB11.PinAttribute=Appli
PB11.Signal=LTDC_G6
PB12.GPIOParameters=PinAttribute
PB12.Mode=RGB888
PB12.PinAttribute=Appli
PB12.Signal=LTDC_G5
PB13.GPIOParameters=PinAttribute
PB13.Mode=RGB888
PB13.PinAttribute=Appli
PB13.Signal=LTDC_G4
PB14.GPIOParameters=PinAttribute
PB14.Locked=true
PB14.Mode=RGB888
PB14.PinAttribute=Appli
PB14.Signal=LTDC_DE
PB15.GPIOParameters=PinAttribute
PB15.Mode=RGB888
PB15.PinAttribute=Appli
PB15.Signal=LTDC_G7
PB3(JTDO/TRACESWO).GPIOParameters=PinAttribute
PB3(JTDO/TRACESWO).Locked=true
PB3(JTDO/TRACESWO).Mode=RGB888
PB3(JTDO/TRACESWO).PinAttribute=Appli
PB3(JTDO/TRACESWO).Signal=LTDC_R4
PB4(NJTRST).GPIOParameters=PinAttribute
PB4(NJTRST).Locked=true
PB4(NJTRST).Mode=RGB888
PB4(NJTRST).PinAttribute=Appli
PB4(NJTRST).Signal=LTDC_R3
PB6.GPIOParameters=PinAttribute
PB6.Locked=true
PB6.Mode=I2C
PB6.PinAttribute=Appli
PB6.Signal=I2C1_SCL
PB9.GPIOParameters=PinAttribute
PB9.Mode=I2C
PB9.PinAttribute=Appli
PB9.Signal=I2C1_SDA
PE11.GPIOParameters=PinAttribute
PE11.Mode=RGB888
PE11.PinAttribute=Appli
PE11.Signal=LTDC_VSYNC
PE15.ContextOwner=Appli
PE15.GPIOParameters=PinState,GPIO_Label,PinAttribute
PE15.GPIO_Label=LCD_EN
PE15.Locked=true
PE15.PinAttribute=Appli
PE15.PinState=GPIO_PIN_SET
PE15.Signal=GPIO_Output
PE3.ContextOwner=Appli
PE3.GPIOParameters=GPIO_PuPd,GPIO_Label,GPIO_ModeDefaultEXTI,PinAttribute
PE3.GPIO_Label=TP_IRQ
PE3.GPIO_ModeDefaultEXTI=GPIO_MODE_IT_FALLING
PE3.GPIO_PuPd=GPIO_NOPULL
PE3.Locked=true
PE3.PinAttribute=Appli
PE3.Signal=GPXTI3
PF0.GPIOParameters=PinAttribute
PF0.Locked=true
PF0.Mode=RGB888
PF0.PinAttribute=Appli
PF0.Signal=LTDC_R2
PF1.ContextOwner=Appli
PF1.GPIOParameters=GPIO_Speed,GPIO_Label,PinAttribute
PF1.GPIO_Label=VSYNC_FREQ
PF1.GPIO_Speed=GPIO_SPEED_FREQ_MEDIUM
PF1.Locked=true
PF1.PinAttribute=Appli
PF1.Signal=GPIO_Output
PF10.GPIOParameters=PinAttribute
PF10.Mode=RGB888
PF10.PinAttribute=Appli
PF10.Signal=LTDC_R1
PF11.GPIOParameters=PinAttribute
PF11.Mode=RGB888
PF11.PinAttribute=Appli
PF11.Signal=LTDC_B0
PF15.GPIOParameters=PinAttribute
PF15.Locked=true
PF15.Mode=RGB888
PF15.PinAttribute=Appli
PF15.Signal=LTDC_G1
PF2.ContextOwner=Appli
PF2.GPIOParameters=GPIO_Speed,GPIO_Label,PinAttribute
PF2.GPIO_Label=RENDER_TIME
PF2.GPIO_Speed=GPIO_SPEED_FREQ_MEDIUM
PF2.Locked=true
PF2.PinAttribute=Appli
PF2.Signal=GPIO_Output
PF3.ContextOwner=Appli
PF3.GPIOParameters=GPIO_Speed,GPIO_Label,PinAttribute
PF3.GPIO_Label=FRAME_RATE
PF3.GPIO_Speed=GPIO_SPEED_FREQ_MEDIUM
PF3.Locked=true
PF3.PinAttribute=Appli
PF3.Signal=GPIO_Output
PF4.ContextOwner=Appli
PF4.GPIOParameters=GPIO_Label,PinAttribute
PF4.GPIO_Label=MCU_ACTIVE
PF4.Locked=true
PF4.PinAttribute=Appli
PF4.Signal=GPIO_Output
PF7.GPIOParameters=PinAttribute
PF7.Mode=RGB888
PF7.PinAttribute=Appli
PF7.Signal=LTDC_G0
PF9.GPIOParameters=PinAttribute
PF9.Mode=RGB888
PF9.PinAttribute=Appli
PF9.Signal=LTDC_R0
PG0.GPIOParameters=PinAttribute
PG0.Mode=RGB888
PG0.PinAttribute=Appli
PG0.Signal=LTDC_R7
PG1.GPIOParameters=PinAttribute
PG1.Mode=RGB888
PG1.PinAttribute=Appli
PG1.Signal=LTDC_R6
PG13.GPIOParameters=PinAttribute
PG13.Mode=RGB888
PG13.PinAttribute=Appli
PG13.Signal=LTDC_CLK
PG14.GPIOParameters=PinAttribute
PG14.Locked=true
PG14.Mode=RGB888
PG14.PinAttribute=Appli
PG14.Signal=LTDC_B1
PG15.ContextOwner=Appli
PG15.GPIOParameters=PinState,GPIO_Label,PinAttribute
PG15.GPIO_Label=LCD_BL_CTRL
PG15.Locked=true
PG15.PinAttribute=Appli
PG15.PinState=GPIO_PIN_SET
PG15.Signal=GPIO_Output
PG2.GPIOParameters=PinAttribute
PG2.Mode=RGB888
PG2.PinAttribute=Appli
PG2.Signal=LTDC_HSYNC
PH0-OSC_IN(PH0).Mode=HSE-External-Oscillator
PH0-OSC_IN(PH0).Signal=RCC_OSC_IN
PH1-OSC_OUT(PH1).Mode=HSE-External-Oscillator
PH1-OSC_OUT(PH1).Signal=RCC_OSC_OUT
PN0.GPIOParameters=PinAttribute
PN0.Mode=XSPI2_Port2Octo
PN0.PinAttribute=Boot
PN0.Signal=XSPIM_P2_DQS0
PN1.GPIOParameters=PinAttribute
PN1.Mode=XSPI2_NCS1_Port2
PN1.PinAttribute=Boot
PN1.Signal=XSPIM_P2_NCS1
PN10.GPIOParameters=PinAttribute
PN10.Mode=XSPI2_Port2Octo
PN10.PinAttribute=Boot
PN10.Signal=XSPIM_P2_IO6
PN11.GPIOParameters=PinAttribute
PN11.Mode=XSPI2_Port2Octo
PN11.PinAttribute=Boot
PN11.Signal=XSPIM_P2_IO7
PN2.GPIOParameters=PinAttribute
PN2.Mode=XSPI2_Port2Octo
PN2.PinAttribute=Boot
PN2.Signal=XSPIM_P2_IO0
PN3.GPIOParameters=PinAttribute
PN3.Mode=XSPI2_Port2Octo
PN3.PinAttribute=Boot
PN3.Signal=XSPIM_P2_IO1
PN4.GPIOParameters=PinAttribute
PN4.Mode=XSPI2_Port2Octo
PN4.PinAttribute=Boot
PN4.Signal=XSPIM_P2_IO2
PN5.GPIOParameters=PinAttribute
PN5.Mode=XSPI2_Port2Octo
PN5.PinAttribute=Boot
PN5.Signal=XSPIM_P2_IO3
PN6.GPIOParameters=PinAttribute
PN6.Mode=XSPI2_Port2Octo
PN6.PinAttribute=Boot
PN6.Signal=XSPIM_P2_CLK
PN8.GPIOParameters=PinAttribute
PN8.Mode=XSPI2_Port2Octo
PN8.PinAttribute=Boot
PN8.Signal=XSPIM_P2_IO4
PN9.GPIOParameters=PinAttribute
PN9.Mode=XSPI2_Port2Octo
PN9.PinAttribute=Boot
PN9.Signal=XSPIM_P2_IO5
PO0.GPIOParameters=PinAttribute
PO0.Mode=XSPI1_NCS1_Port1
PO0.PinAttribute=Boot
PO0.Signal=XSPIM_P1_NCS1
PO2.GPIOParameters=PinAttribute
PO2.Mode=XSPI1_Port1Hexa
PO2.PinAttribute=Boot
PO2.Signal=XSPIM_P1_DQS0
PO3.GPIOParameters=PinAttribute
PO3.Mode=XSPI1_Port1Hexa
PO3.PinAttribute=Boot
PO3.Signal=XSPIM_P1_DQS1
PO4.GPIOParameters=PinAttribute
PO4.Mode=XSPI1_Port1Hexa
PO4.PinAttribute=Boot
PO4.Signal=XSPIM_P1_CLK
PP0.GPIOParameters=PinAttribute
PP0.Mode=XSPI1_Port1Hexa
PP0.PinAttribute=Boot
PP0.Signal=XSPIM_P1_IO0
PP1.GPIOParameters=PinAttribute
PP1.Mode=XSPI1_Port1Hexa
PP1.PinAttribute=Boot
PP1.Signal=XSPIM_P1_IO1
PP10.GPIOParameters=PinAttribute
PP10.Mode=XSPI1_Port1Hexa
PP10.PinAttribute=Boot
PP10.Signal=XSPIM_P1_IO10
PP11.GPIOParameters=PinAttribute
PP11.Mode=XSPI1_Port1Hexa
PP11.PinAttribute=Boot
PP11.Signal=XSPIM_P1_IO11
PP12.GPIOParameters=PinAttribute
PP12.Mode=XSPI1_Port1Hexa
PP12.PinAttribute=Boot
PP12.Signal=XSPIM_P1_IO12
PP13.GPIOParameters=PinAttribute
PP13.Mode=XSPI1_Port1Hexa
PP13.PinAttribute=Boot
PP13.Signal=XSPIM_P1_IO13
PP14.GPIOParameters=PinAttribute
PP14.Mode=XSPI1_Port1Hexa
PP14.PinAttribute=Boot
PP14.Signal=XSPIM_P1_IO14
PP15.GPIOParameters=PinAttribute
PP15.Mode=XSPI1_Port1Hexa
PP15.PinAttribute=Boot
PP15.Signal=XSPIM_P1_IO15
PP2.GPIOParameters=PinAttribute
PP2.Mode=XSPI1_Port1Hexa
PP2.PinAttribute=Boot
PP2.Signal=XSPIM_P1_IO2
PP3.GPIOParameters=PinAttribute
PP3.Mode=XSPI1_Port1Hexa
PP3.PinAttribute=Boot
PP3.Signal=XSPIM_P1_IO3
PP4.GPIOParameters=PinAttribute
PP4.Mode=XSPI1_Port1Hexa
PP4.PinAttribute=Boot
PP4.Signal=XSPIM_P1_IO4
PP5.GPIOParameters=PinAttribute
PP5.Mode=XSPI1_Port1Hexa
PP5.PinAttribute=Boot
PP5.Signal=XSPIM_P1_IO5
PP6.GPIOParameters=PinAttribute
PP6.Mode=XSPI1_Port1Hexa
PP6.PinAttribute=Boot
PP6.Signal=XSPIM_P1_IO6
PP7.GPIOParameters=PinAttribute
PP7.Mode=XSPI1_Port1Hexa
PP7.PinAttribute=Boot
PP7.Signal=XSPIM_P1_IO7
PP8.GPIOParameters=PinAttribute
PP8.Mode=XSPI1_Port1Hexa
PP8.PinAttribute=Boot
PP8.Signal=XSPIM_P1_IO8
PP9.GPIOParameters=PinAttribute
PP9.Mode=XSPI1_Port1Hexa
PP9.PinAttribute=Boot
PP9.Signal=XSPIM_P1_IO9
PinOutPanel.CurrentBGAView=Top
PinOutPanel.RotationAngle=0
ProjectManager.AskForMigrate=true
ProjectManager.BackupPrevious=false
ProjectManager.CompilerOptimize=6
ProjectManager.ComputerToolchain=false
ProjectManager.CoupleFile=false
ProjectManager.CustomerFirmwarePackage=
ProjectManager.DefaultFWLocation=true
ProjectManager.DeletePrevious=true
ProjectManager.DeviceId=STM32H7S7L8HxH
ProjectManager.FirmwarePackage=STM32Cube FW_H7RS V1.0.0
ProjectManager.FreePins=false
ProjectManager.HalAssertFull=false
ProjectManager.HeapSize=App-0x1000,Boot-0x1000,ExtMemLoader-0x1000
ProjectManager.KeepUserCode=true
ProjectManager.LastFirmware=true
ProjectManager.LibraryCopy=1
ProjectManager.MainLocation=Core/Src
ProjectManager.NoMain=false
ProjectManager.PreviousToolchain=
ProjectManager.ProjectBuild=false
ProjectManager.ProjectFileName=STM32H7S78-DK.ioc
ProjectManager.ProjectName=STM32H7S78-DK
ProjectManager.ProjectStructure=Boot\:Boot Project\:true;App\:Appli Project\:true;ExtMemLoader\:ExtMemLoader Project\:false;
ProjectManager.RegisterCallBack=
ProjectManager.StackSize=App-0x1000,Boot-0x1000,ExtMemLoader-0x1000
ProjectManager.TargetToolchain=STM32CubeIDE
ProjectManager.ToolChainLocation=
ProjectManager.UAScriptAfterPath=
ProjectManager.UAScriptBeforePath=
ProjectManager.UnderRoot=false
ProjectManager.functionlistsort=1-SystemClock_Config-RCC-false-HAL-false-Boot,2-MX_GPIO_Init-GPIO-false-HAL-true-Boot,3-MX_HPDMA1_Init-HPDMA1-false-HAL-true-Boot,4-MX_XSPI1_Init-XSPI1-false-HAL-true-Boot,5-MX_XSPI2_Init-XSPI2-false-HAL-true-Boot,6-MX_FLASH_Init-FLASH-false-HAL-true-Boot,7-MX_SBS_Init-SBS-false-HAL-true-Boot,8-MX_EXTMEM_MANAGER_Init-EXTMEM_MANAGER-false-HAL-false-Boot,1-SystemClock_Config-RCC-false-HAL-false-Appli,2-MX_GPIO_Init-GPIO-false-HAL-true-Appli,3-MX_HPDMA1_Init-HPDMA1-false-HAL-true-Appli,4-MX_LTDC_Init-LTDC-false-HAL-true-Appli,5-MX_CRC_Init-CRC-false-HAL-true-Appli,6-MX_DMA2D_Init-DMA2D-false-HAL-true-Appli,7-MX_JPEG_Init-JPEG-false-HAL-true-Appli,8-MX_FLASH_Init-FLASH-false-HAL-true-Appli,9-MX_I2C1_Init-I2C1-false-HAL-true-Appli,10-MX_GPU2D_Init-GPU2D-false-HAL-true-Appli,11-MX_ICACHE_GPU2D_Init-ICACHE_GPU2D-false-HAL-true-Appli,13-MX_TouchGFX_Init-STMicroelectronics.X-CUBE-TOUCHGFX.4.24.0_App-false-HAL-false-Appli,14-MX_TouchGFX_Process-STMicroelectronics.X-CUBE-TOUCHGFX.4.24.0_App-false-HAL-false-Appli,0-MX_CORTEX_M7_BOOT_Init-CORTEX_M7_BOOT-false-HAL-true-Boot,0-MX_CORTEX_M7_APPLI_Init-CORTEX_M7_APPLI-false-HAL-true-Appli,1-SystemClock_Config-RCC-false-HAL-false-ExtMemLoader,2-MX_EXTMEM_MANAGER_Init-EXTMEM_MANAGER-false-HAL-false-ExtMemLoader
RCC.ADCFreq_Value=200000000
RCC.ADFFreq_Value=300000000
RCC.AHB1234Freq_Value=300000000
RCC.AHB5ClockFreq_Value=300000000
RCC.APB1Freq_Value=150000000
RCC.APB2Freq_Value=150000000
RCC.APB4Freq_Value=150000000
RCC.APB5Freq_Value=150000000
RCC.AXIClockFreq_Value=300000000
RCC.BMPRE=RCC_HCLK_DIV2
RCC.CECFreq_Value=32768
RCC.CKPERFreq_Value=64000000
RCC.CPREFreq_Value=600000000
RCC.CortexFreq_Value=600000000
RCC.CpuClockFreq_Value=600000000
RCC.DIVM1=4
RCC.DIVM2=6
RCC.DIVM3=2
RCC.DIVN1=100
RCC.DIVN2=100
RCC.DIVN3=50
RCC.DIVP1=1
RCC.DIVP1Freq_Value=600000000
RCC.DIVP2Freq_Value=200000000
RCC.DIVP3Freq_Value=300000000
RCC.DIVQ1Freq_Value=300000000
RCC.DIVQ2Freq_Value=200000000
RCC.DIVQ3Freq_Value=300000000
RCC.DIVR1Freq_Value=300000000
RCC.DIVR2Freq_Value=200000000
RCC.DIVR3=24
RCC.DIVR3Freq_Value=25000000
RCC.DIVS1Freq_Value=300000000
RCC.DIVS2Freq_Value=200000000
RCC.DIVS3Freq_Value=300000000
RCC.DIVT1Freq_Value=300000000
RCC.DIVT2Freq_Value=200000000
RCC.DIVT3Freq_Value=300000000
RCC.DTSFreq_Value=32768
RCC.ETH1Freq_Value=24000000
RCC.ETHPHYFreq_Value=24000000
RCC.FDCANFreq_Value=24000000
RCC.FMCFreq_Value=300000000
RCC.FamilyName=M
RCC.HCLKFreq_Value=300000000
RCC.I2C1Freq_Value=150000000
RCC.I2C23Freq_Value=150000000
RCC.I2CI3C1Freq_Value=150000000
RCC.IPParameters=ADCFreq_Value,ADFFreq_Value,AHB1234Freq_Value,AHB5ClockFreq_Value,APB1Freq_Value,APB2Freq_Value,APB4Freq_Value,APB5Freq_Value,AXIClockFreq_Value,BMPRE,CECFreq_Value,CKPERFreq_Value,CPREFreq_Value,CortexFreq_Value,CpuClockFreq_Value,DIVM1,DIVM2,DIVM3,DIVN1,DIVN2,DIVN3,DIVP1,DIVP1Freq_Value,DIVP2Freq_Value,DIVP3Freq_Value,DIVQ1Freq_Value,DIVQ2Freq_Value,DIVQ3Freq_Value,DIVR1Freq_Value,DIVR2Freq_Value,DIVR3,DIVR3Freq_Value,DIVS1Freq_Value,DIVS2Freq_Value,DIVS3Freq_Value,DIVT1Freq_Value,DIVT2Freq_Value,DIVT3Freq_Value,DTSFreq_Value,ETH1Freq_Value,ETHPHYFreq_Value,FDCANFreq_Value,FMCFreq_Value,FamilyName,HCLKFreq_Value,I2C1Freq_Value,I2C23Freq_Value,I2CI3C1Freq_Value,LPTIM1Freq_Value,LPTIM23Freq_Value,LPTIM45Freq_Value,LPUART1Freq_Value,LTDCFreq_Value,MCO1PinFreq_Value,MCO2PinFreq_Value,OSPI1Freq_Value,OSPI2Freq_Value,PLL2FRACN,PLL3FRACN,PLLFRACN,PLLSource,PPRE1,PPRE2,PPRE4,PPRE5,PSSIFreq_Value,RTCFreq_Value,SAI1Freq_Value,SAI2Freq_Value,SDMMCFreq_Value,SPDIFRXFreq_Value,SPI1Freq_Value,SPI23Freq_Value,SPI45Freq_Value,SPI6Freq_Value,SYSCLKFreq_VALUE,SYSCLKSource,SupplySource,TPIUFreq_Value,Tim1OutputFreq_Value,Tim2OutputFreq_Value,UCPDFreq_Value,USART1Freq_Value,USART234578Freq_Value,USBOFSFreq_Value,USBPHYFreq_Value,VCO1OutputFreq_Value,VCO2OutputFreq_Value,VCO3OutputFreq_Value,VCOInput1Freq_Value,VCOInput2Freq_Value,VCOInput3Freq_Value,Xspi1ClockSelection,Xspi2ClockSelection
RCC.LPTIM1Freq_Value=150000000
RCC.LPTIM23Freq_Value=150000000
RCC.LPTIM45Freq_Value=150000000
RCC.LPUART1Freq_Value=150000000
RCC.LTDCFreq_Value=25000000
RCC.MCO1PinFreq_Value=64000000
RCC.MCO2PinFreq_Value=600000000
RCC.OSPI1Freq_Value=200000000
RCC.OSPI2Freq_Value=200000000
RCC.PLL2FRACN=0
RCC.PLL3FRACN=0
RCC.PLLFRACN=0
RCC.PLLSource=RCC_PLLSOURCE_HSE
RCC.PPRE1=RCC_APB1_DIV2
RCC.PPRE2=RCC_APB2_DIV2
RCC.PPRE4=RCC_APB4_DIV2
RCC.PPRE5=RCC_APB5_DIV2
RCC.PSSIFreq_Value=25000000
RCC.RTCFreq_Value=32000
RCC.SAI1Freq_Value=300000000
RCC.SAI2Freq_Value=300000000
RCC.SDMMCFreq_Value=200000000
RCC.SPDIFRXFreq_Value=300000000
RCC.SPI1Freq_Value=300000000
RCC.SPI23Freq_Value=300000000
RCC.SPI45Freq_Value=150000000
RCC.SPI6Freq_Value=150000000
RCC.SYSCLKFreq_VALUE=600000000
RCC.SYSCLKSource=RCC_SYSCLKSOURCE_PLLCLK
RCC.SupplySource=PWR_DIRECT_SMPS_SUPPLY
RCC.TPIUFreq_Value=200000000
RCC.Tim1OutputFreq_Value=300000000
RCC.Tim2OutputFreq_Value=300000000
RCC.UCPDFreq_Value=16000000
RCC.USART1Freq_Value=150000000
RCC.USART234578Freq_Value=150000000
RCC.USBOFSFreq_Value=48000000
RCC.USBPHYFreq_Value=24000000
RCC.VCO1OutputFreq_Value=600000000
RCC.VCO2OutputFreq_Value=400000000
RCC.VCO3OutputFreq_Value=600000000
RCC.VCOInput1Freq_Value=6000000
RCC.VCOInput2Freq_Value=4000000
RCC.VCOInput3Freq_Value=12000000
RCC.Xspi1ClockSelection=RCC_XSPI1CLKSOURCE_PLL2S
RCC.Xspi2ClockSelection=RCC_XSPI2CLKSOURCE_PLL2S
SBS.IPParameters=XSPIM1,XSPIM2
SBS.XSPIM1=Enable
SBS.XSPIM2=Enable
SH.GPXTI3.0=GPIO_EXTI3
SH.GPXTI3.ConfNb=1
STMicroelectronics.X-CUBE-TOUCHGFX.4.24.0_App.ApplicationCcGraphicsJjApplication=TouchGFXOoGenerator
STMicroelectronics.X-CUBE-TOUCHGFX.4.24.0_App.GraphicsJjApplication_Checked=true
STMicroelectronics.X-CUBE-TOUCHGFX.4.24.0_App.IPParameters=ApplicationCcGraphicsJjApplication,tgfx_display_interface,tgfx_hardware_accelerator,tgfx_oswrapper,tgfx_vsync,tgfx_video,tgfx_video_width,tgfx_video_height,tgfx_buffering_strategy,tgfx_vector_rendering,tgfx_nemap_accelerator,tgfx_video_strategy,tgfx_vector_fonts
STMicroelectronics.X-CUBE-TOUCHGFX.4.24.0_App.tgfx_buffering_strategy=Double
STMicroelectronics.X-CUBE-TOUCHGFX.4.24.0_App.tgfx_display_interface=disp_ltdc
STMicroelectronics.X-CUBE-TOUCHGFX.4.24.0_App.tgfx_hardware_accelerator=dma_2d
STMicroelectronics.X-CUBE-TOUCHGFX.4.24.0_App.tgfx_nemap_accelerator=gpu2d_enabled
STMicroelectronics.X-CUBE-TOUCHGFX.4.24.0_App.tgfx_oswrapper=CMSIS V2
STMicroelectronics.X-CUBE-TOUCHGFX.4.24.0_App.tgfx_vector_fonts=Enabled
STMicroelectronics.X-CUBE-TOUCHGFX.4.24.0_App.tgfx_vector_rendering=Hardware
STMicroelectronics.X-CUBE-TOUCHGFX.4.24.0_App.tgfx_video=Hardware
STMicroelectronics.X-CUBE-TOUCHGFX.4.24.0_App.tgfx_video_height=480
STMicroelectronics.X-CUBE-TOUCHGFX.4.24.0_App.tgfx_video_strategy=0
STMicroelectronics.X-CUBE-TOUCHGFX.4.24.0_App.tgfx_video_width=800
STMicroelectronics.X-CUBE-TOUCHGFX.4.24.0_App.tgfx_vsync=vsync_ltdc
STMicroelectronics.X-CUBE-TOUCHGFX.4.24.0_App_SwParameter=ApplicationCcGraphicsJjApplication\:TouchGFXOoGenerator;
STMicroelectronics.X-CUBE-TOUCHGFX.4.24.0_IsPackSelfContextualization=true
VP_CRC_VS_CRC.Mode=CRC_Activate
VP_CRC_VS_CRC.Signal=CRC_VS_CRC
VP_DMA2D_VS_DMA2D.Mode=DMA2D_Activate
VP_DMA2D_VS_DMA2D.Signal=DMA2D_VS_DMA2D
VP_EXTMEM_MANAGER_SIG_Activate_EXTMEM.Mode=Activate_EXTMEM
VP_EXTMEM_MANAGER_SIG_Activate_EXTMEM.Signal=EXTMEM_MANAGER_SIG_Activate_EXTMEM
VP_FLASH_SIG_Activate_FlashIP.Mode=Activate_FlashIP
VP_FLASH_SIG_Activate_FlashIP.Signal=FLASH_SIG_Activate_FlashIP
VP_FREERTOS_VS_CMSIS_V2.Mode=CMSIS_V2
VP_FREERTOS_VS_CMSIS_V2.Signal=FREERTOS_VS_CMSIS_V2
VP_GPU2D_VS_GPU2D.Mode=GPU2D_Activate
VP_GPU2D_VS_GPU2D.Signal=GPU2D_VS_GPU2D
VP_HPDMA1_VS_HPDMACH0.Mode=SIMPLEREQUEST_HPDMACH0
VP_HPDMA1_VS_HPDMACH0.Signal=HPDMA1_VS_HPDMACH0
VP_HPDMA1_VS_HPDMACH1.Mode=SIMPLEREQUEST_HPDMACH1
VP_HPDMA1_VS_HPDMACH1.Signal=HPDMA1_VS_HPDMACH1
VP_ICACHE_GPU2D_VS_ICACHE.Mode=DefaultMode
VP_ICACHE_GPU2D_VS_ICACHE.Signal=ICACHE_GPU2D_VS_ICACHE
VP_JPEG_VS_JPEG.Mode=JPEG_Activate
VP_JPEG_VS_JPEG.Signal=JPEG_VS_JPEG
VP_SBS_VS-SBS.Mode=SBS
VP_SBS_VS-SBS.Signal=SBS_VS-SBS
VP_STMicroelectronics.X-CUBE-TOUCHGFX_App_VS_GraphicsJjApplication_4.24.0.Mode=GraphicsJjApplication
VP_STMicroelectronics.X-CUBE-TOUCHGFX_App_VS_GraphicsJjApplication_4.24.0.Signal=STMicroelectronics.X-CUBE-TOUCHGFX_App_VS_GraphicsJjApplication_4.24.0
VP_SYS_VS_tim6.Mode=TIM6
VP_SYS_VS_tim6.Signal=SYS_VS_tim6
VP_XSPI1_VS_hexa.Mode=hexa_mode
VP_XSPI1_VS_hexa.Signal=XSPI1_VS_hexa
VP_XSPI2_VS_octo.Mode=octo_mode
VP_XSPI2_VS_octo.Signal=XSPI2_VS_octo
XSPI1.ChipSelectBoundary=HAL_XSPI_BONDARYOF_8KB
XSPI1.DelayHoldQuarterCycle=HAL_XSPI_DHQC_ENABLE
XSPI1.FifoThresholdByte=2
XSPI1.FreeRunningClock=HAL_XSPI_FREERUNCLK_DISABLE
XSPI1.IPParameters=FifoThresholdByte,MemoryMode,MemoryType,MemorySize,FreeRunningClock,WrapSize,DelayHoldQuarterCycle,ChipSelectBoundary
XSPI1.MemoryMode=HAL_XSPI_SINGLE_MEM
XSPI1.MemorySize=HAL_XSPI_SIZE_32MB
XSPI1.MemoryType=HAL_XSPI_MEMTYPE_APMEM_16BITS
XSPI1.WrapSize=HAL_XSPI_WRAP_32_BYTES
XSPI2.ChipSelectHighTimeCycle=2
XSPI2.ClockPrescaler=0
XSPI2.DelayHoldQuarterCycle=HAL_XSPI_DHQC_ENABLE
XSPI2.FifoThresholdByte=4
XSPI2.IPParameters=FifoThresholdByte,MemoryType,ChipSelectHighTimeCycle,DelayHoldQuarterCycle,MemorySize,MemorySelect,ClockPrescaler
XSPI2.MemorySelect=HAL_XSPI_CSSEL_NCS1
XSPI2.MemorySize=HAL_XSPI_SIZE_128MB
XSPI2.MemoryType=HAL_XSPI_MEMTYPE_MACRONIX
board=custom
rtos.0.ip=FREERTOS
